dependencies:
- name: postgresql
  repository: file://charts/postgresql
  version: 0.1.0
- name: api
  repository: file://charts/api
  version: 0.1.0
- name: ingestion
  repository: file://charts/ingestion
  version: 0.1.0
- name: grafana
  repository: file://charts/grafana
  version: 0.1.0
- name: frontend
  repository: file://charts/frontend
  version: 0.1.0
digest: sha256:2bbb8aaf06c9e6859e3c0201c7ce71b2b3c08f5888c902958753c6834ba5e0ef
generated: "2026-03-09T15:23:52.479356262Z"
